// !$*UTF8*$!
{
	archiveVersion = 1;
	classes = {
	};
	objectVersion = 50;
	objects = {

/* Begin PBXBuildFile section */
		9BA9D0DD2417191D008D5C01 /* AppDelegate.swift in Sources */ = {isa = PBXBuildFile; fileRef = 9BA9D0DC2417191D008D5C01 /* AppDelegate.swift */; };
		9BA9D0DF2417191D008D5C01 /* SceneDelegate.swift in Sources */ = {isa = PBXBuildFile; fileRef = 9BA9D0DE2417191D008D5C01 /* SceneDelegate.swift */; };
		9BA9D0E12417191D008D5C01 /* ViewController.swift in Sources */ = {isa = PBXBuildFile; fileRef = 9BA9D0E02417191D008D5C01 /* ViewController.swift */; };
		9BA9D0E42417191D008D5C01 /* Main.storyboard in Resources */ = {isa = PBXBuildFile; fileRef = 9BA9D0E22417191D008D5C01 /* Main.storyboard */; };
		9BA9D0E62417191F008D5C01 /* Assets.xcassets in Resources */ = {isa = PBXBuildFile; fileRef = 9BA9D0E52417191F008D5C01 /* Assets.xcassets */; };
		9BA9D0E92417191F008D5C01 /* LaunchScreen.storyboard in Resources */ = {isa = PBXBuildFile; fileRef = 9BA9D0E72417191F008D5C01 /* LaunchScreen.storyboard */; };
/* End PBXBuildFile section */

/* Begin PBXFileReference section */
		9BA9D0D92417191D008D5C01 /* iOSDay7DatePicker.app */ = {isa = PBXFileReference; explicitFileType = wrapper.application; includeInIndex = 0; path = iOSDay7DatePicker.app; sourceTree = BUILT_PRODUCTS_DIR; };
		9BA9D0DC2417191D008D5C01 /* AppDelegate.swift */ = {isa = PBXFileReference; lastKnownFileType = sourcecode.swift; path = AppDelegate.swift; sourceTree = "<group>"; };
		9BA9D0DE2417191D008D5C01 /* SceneDelegate.swift */ = {isa = PBXFileReference; lastKnownFileType = sourcecode.swift; path = SceneDelegate.swift; sourceTree = "<group>"; };
		9BA9D0E02417191D008D5C01 /* ViewController.swift */ = {isa = PBXFileReference; lastKnownFileType = sourcecode.swift; path = ViewController.swift; sourceTree = "<group>"; };
		9BA9D0E32417191D008D5C01 /* Base */ = {isa = PBXFileReference; lastKnownFileType = file.storyboard; name = Base; path = Base.lproj/Main.storyboard; sourceTree = "<group>"; };
		9BA9D0E52417191F008D5C01 /* Assets.xcassets */ = {isa = PBXFileReference; lastKnownFileType = folder.assetcatalog; path = Assets.xcassets; sourceTree = "<group>"; };
		9BA9D0E82417191F008D5C01 /* Base */ = {isa = PBXFileReference; lastKnownFileType = file.storyboard; name = Base; path = Base.lproj/LaunchScreen.storyboard; sourceTree = "<group>"; };
		9BA9D0EA2417191F008D5C01 /* Info.plist */ = {isa = PBXFileReference; lastKnownFileType = text.plist.xml; path = Info.plist; sourceTree = "<group>"; };
/* End PBXFileReference section */

/* Begin PBXFrameworksBuildPhase section */
		9BA9D0D62417191D008D5C01 /* Frameworks */ = {
			isa = PBXFrameworksBuildPhase;
			buildActionMask = 2147483647;
			files = (
			);
			runOnlyForDeploymentPostprocessing = 0;
		};
/* End PBXFrameworksBuildPhase section */

/* Begin PBXGroup section */
		9BA9D0D02417191D008D5C01 = {
			isa = PBXGroup;
			children = (
				9BA9D0DB2417191D008D5C01 /* iOSDay7DatePicker */,
				9BA9D0DA2417191D008D5C01 /* Products */,
			);
			sourceTree = "<group>";
		};
		9BA9D0DA2417191D008D5C01 /* Products */ = {
			isa = PBXGroup;
			children = (
				9BA9D0D92417191D008D5C01 /* iOSDay7DatePicker.app */,
			);
			name = Products;
			sourceTree = "<group>";
		};
		9BA9D0DB2417191D008D5C01 /* iOSDay7DatePicker */ = {
			isa = PBXGroup;
			children = (
				9BA9D0DC2417191D008D5C01 /* AppDelegate.swift */,
				9BA9D0DE2417191D008D5C01 /* SceneDelegate.swift */,
				9BA9D0E02417191D008D5C01 /* ViewController.swift */,
				9BA9D0E22417191D008D5C01 /* Main.storyboard */,
				9BA9D0E52417191F008D5C01 /* Assets.xcassets */,
				9BA9D0E72417191F008D5C01 /* LaunchScreen.storyboard */,
				9BA9D0EA2417191F008D5C01 /* Info.plist */,
			);
			path = iOSDay7DatePicker;
			sourceTree = "<group>";
		};
/* End PBXGroup section */

/* Begin PBXNativeTarget section */
		9BA9D0D82417191D008D5C01 /* iOSDay7DatePicker */ = {
			isa = PBXNativeTarget;
			buildConfigurationList = 9BA9D0ED2417191F008D5C01 /* Build configuration list for PBXNativeTarget "iOSDay7DatePicker" */;
			buildPhases = (
				9BA9D0D52417191D008D5C01 /* Sources */,
				9BA9D0D62417191D008D5C01 /* Frameworks */,
				9BA9D0D72417191D008D5C01 /* Resources */,
			);
			buildRules = (
			);
			dependencies = (
			);
			name = iOSDay7DatePicker;
			productName = iOSDay7DatePicker;
			productReference = 9BA9D0D92417191D008D5C01 /* iOSDay7DatePicker.app */;
			productType = "com.apple.product-type.application";
		};
/* End PBXNativeTarget section */

/* Begin PBXProject section */
		9BA9D0D12417191D008D5C01 /* Project object */ = {
			isa = PBXProject;
			attributes = {
				LastSwiftUpdateCheck = 1130;
				LastUpgradeCheck = 1130;
				ORGANIZATIONNAME = MacStudent;
				TargetAttributes = {
					9BA9D0D82417191D008D5C01 = {
						CreatedOnToolsVersion = 11.3;
					};
				};
			};
			buildConfigurationList = 9BA9D0D42417191D008D5C01 /* Build configuration list for PBXProject "iOSDay7DatePicker" */;
			compatibilityVersion = "Xcode 9.3";
			developmentRegion = en;
			hasScannedForEncodings = 0;
			knownRegions = (
				en,
				Base,
			);
			mainGroup = 9BA9D0D02417191D008D5C01;
			productRefGroup = 9BA9D0DA2417191D008D5C01 /* Products */;
			projectDirPath = "";
			projectRoot = "";
			targets = (
				9BA9D0D82417191D008D5C01 /* iOSDay7DatePicker */,
			);
		};
/* End PBXProject section */

/* Begin PBXResourcesBuildPhase section */
		9BA9D0D72417191D008D5C01 /* Resources */ = {
			isa = PBXResourcesBuildPhase;
			buildActionMask = 2147483647;
			files = (
				9BA9D0E92417191F008D5C01 /* LaunchScreen.storyboard in Resources */,
				9BA9D0E62417191F008D5C01 /* Assets.xcassets in Resources */,
				9BA9D0E42417191D008D5C01 /* Main.storyboard in Resources */,
			);
			runOnlyForDeploymentPostprocessing = 0;
		};
/* End PBXResourcesBuildPhase section */

/* Begin PBXSourcesBuildPhase section */
		9BA9D0D52417191D008D5C01 /* Sources */ = {
			isa = PBXSourcesBuildPhase;
			buildActionMask = 2147483647;
			files = (
				9BA9D0E12417191D008D5C01 /* ViewController.swift in Sources */,
				9BA9D0DD2417191D008D5C01 /* AppDelegate.swift in Sources */,
				9BA9D0DF2417191D008D5C01 /* SceneDelegate.swift in Sources */,
			);
			runOnlyForDeploymentPostprocessing = 0;
		};
/* End PBXSourcesBuildPhase section */

/* Begin PBXVariantGroup section */
		9BA9D0E22417191D008D5C01 /* Main.storyboard */ = {
			isa = PBXVariantGroup;
			children = (
				9BA9D0E32417191D008D5C01 /* Base */,
			);
			name = Main.storyboard;
			sourceTree = "<group>";
		};
		9BA9D0E72417191F008D5C01 /* LaunchScreen.storyboard */ = {
			isa = PBXVariantGroup;
			children = (
				9BA9D0E82417191F008D5C01 /* Base */,
			);
			name = LaunchScreen.storyboard;
			sourceTree = "<group>";
		};
/* End PBXVariantGroup section */

/* Begin XCBuildConfiguration section */
		9BA9D0EB2417191F008D5C01 /* Debug */ = {
			isa = XCBuildConfiguration;
			buildSettings = {
				ALWAYS_SEARCH_USER_PATHS = NO;
				CLANG_ANALYZER_NONNULL = YES;
				CLANG_ANALYZER_NUMBER_OBJECT_CONVERSION = YES_AGGRESSIVE;
				CLANG_CXX_LANGUAGE_STANDARD = "gnu++14";
				CLANG_CXX_LIBRARY = "libc++";
				CLANG_ENABLE_MODULES = YES;
				CLANG_ENABLE_OBJC_ARC = YES;
				CLANG_ENABLE_OBJC_WEAK = YES;
				CLANG_WARN_BLOCK_CAPTURE_AUTORELEASING = YES;
				CLANG_WARN_BOOL_CONVERSION = YES;
				CLANG_WARN_COMMA = YES;
				CLANG_WARN_CONSTANT_CONVERSION = YES;
				CLANG_WARN_DEPRECATED_OBJC_IMPLEMENTATIONS = YES;
				CLANG_WARN_DIRECT_OBJC_ISA_USAGE = YES_ERROR;
				CLANG_WARN_DOCUMENTATION_COMMENTS = YES;
				CLANG_WARN_EMPTY_BODY = YES;
				CLANG_WARN_ENUM_CONVERSION = YES;
				CLANG_WARN_INFINITE_RECURSION = YES;
				CLANG_WARN_INT_CONVERSION = YES;
				CLANG_WARN_NON_LITERAL_NULL_CONVERSION = YES;
				CLANG_WARN_OBJC_IMPLICIT_RETAIN_SELF = YES;
				CLANG_WARN_OBJC_LITERAL_CONVERSION = YES;
				CLANG_WARN_OBJC_ROOT_CLASS = YES_ERROR;
				CLANG_WARN_RANGE_LOOP_ANALYSIS = YES;
				CLANG_WARN_STRICT_PROTOTYPES = YES;
				CLANG_WARN_SUSPICIOUS_MOVE = YES;
				CLANG_WARN_UNGUARDED_AVAILABILITY = YES_AGGRESSIVE;
				CLANG_WARN_UNREACHABLE_CODE = YES;
				CLANG_WARN__DUPLICATE_METHOD_MATCH = YES;
				COPY_PHASE_STRIP = NO;
				DEBUG_INFORMATION_FORMAT = dwarf;
				ENABLE_STRICT_OBJC_MSGSEND = YES;
				ENABLE_TESTABILITY = YES;
				GCC_C_LANGUAGE_STANDARD = gnu11;
				GCC_DYNAMIC_NO_PIC = NO;
				GCC_NO_COMMON_BLOCKS = YES;
				GCC_OPTIMIZATION_LEVEL = 0;
				GCC_PREPROCESSOR_DEFINITIONS = (
					"DEBUG=1",
					"$(inherited)",
				);
				GCC_WARN_64_TO_32_BIT_CONVERSION = YES;
				GCC_WARN_ABOUT_RETURN_TYPE = YES_ERROR;
				GCC_WARN_UNDECLARED_SELECTOR = YES;
				GCC_WARN_UNINITIALIZED_AUTOS = YES_AGGRESSIVE;
				GCC_WARN_UNUSED_FUNCTION = YES;
				GCC_WARN_UNUSED_VARIABLE = YES;
				IPHONEOS_DEPLOYMENT_TARGET = 13.2;
				MTL_ENABLE_DEBUG_INFO = INCLUDE_SOURCE;
				MTL_FAST_MATH = YES;
				ONLY_ACTIVE_ARCH = YES;
				SDKROOT = iphoneos;
				SWIFT_ACTIVE_COMPILATION_CONDITIONS = DEBUG;
				SWIFT_OPTIMIZATION_LEVEL = "-Onone";
			};
			name = Debug;
		};
		9BA9D0EC2417191F008D5C01 /* Release */ = {
			isa = XCBuildConfiguration;
			buildSettings = {
				ALWAYS_SEARCH_USER_PATHS = NO;
				CLANG_ANALYZER_NONNULL = YES;
				CLANG_ANALYZER_NUMBER_OBJECT_CONVERSION = YES_AGGRESSIVE;
				CLANG_CXX_LANGUAGE_STANDARD = "gnu++14";
				CLANG_CXX_LIBRARY = "libc++";
				CLANG_ENABLE_MODULES = YES;
				CLANG_ENABLE_OBJC_ARC = YES;
				CLANG_ENABLE_OBJC_WEAK = YES;
				CLANG_WARN_BLOCK_CAPTURE_AUTORELEASING = YES;
				CLANG_WARN_BOOL_CONVERSION = YES;
				CLANG_WARN_COMMA = YES;
				CLANG_WARN_CONSTANT_CONVERSION = YES;
				CLANG_WARN_DEPRECATED_OBJC_IMPLEMENTATIONS = YES;
				CLANG_WARN_DIRECT_OBJC_ISA_USAGE = YES_ERROR;
				CLANG_WARN_DOCUMENTATION_COMMENTS = YES;
				CLANG_WARN_EMPTY_BODY = YES;
				CLANG_WARN_ENUM_CONVERSION = YES;
				CLANG_WARN_INFINITE_RECURSION = YES;
				CLANG_WARN_INT_CONVERSION = YES;
				CLANG_WARN_NON_LITERAL_NULL_CONVERSION = YES;
				CLANG_WARN_OBJC_IMPLICIT_RETAIN_SELF = YES;
				CLANG_WARN_OBJC_LITERAL_CONVERSION = YES;
				CLANG_WARN_OBJC_ROOT_CLASS = YES_ERROR;
				CLANG_WARN_RANGE_LOOP_ANALYSIS = YES;
				CLANG_WARN_STRICT_PROTOTYPES = YES;
				CLANG_WARN_SUSPICIOUS_MOVE = YES;
				CLANG_WARN_UNGUARDED_AVAILABILITY = YES_AGGRESSIVE;
				CLANG_WARN_UNREACHABLE_CODE = YES;
				CLANG_WARN__DUPLICATE_METHOD_MATCH = YES;
				COPY_PHASE_STRIP = NO;
				DEBUG_INFORMATION_FORMAT = "dwarf-with-dsym";
				ENABLE_NS_ASSERTIONS = NO;
				ENABLE_STRICT_OBJC_MSGSEND = YES;
				GCC_C_LANGUAGE_STANDARD = gnu11;
				GCC_NO_COMMON_BLOCKS = YES;
				GCC_WARN_64_TO_32_BIT_CONVERSION = YES;
				GCC_WARN_ABOUT_RETURN_TYPE = YES_ERROR;
				GCC_WARN_UNDECLARED_SELECTOR = YES;
				GCC_WARN_UNINITIALIZED_AUTOS = YES_AGGRESSIVE;
				GCC_WARN_UNUSED_FUNCTION = YES;
				GCC_WARN_UNUSED_VARIABLE = YES;
				IPHONEOS_DEPLOYMENT_TARGET = 13.2;
				MTL_ENABLE_DEBUG_INFO = NO;
				MTL_FAST_MATH = YES;
				SDKROOT = iphoneos;
				SWIFT_COMPILATION_MODE = wholemodule;
				SWIFT_OPTIMIZATION_LEVEL = "-O";
				VALIDATE_PRODUCT = YES;
			};
			name = Release;
		};
		9BA9D0EE2417191F008D5C01 /* Debug */ = {
			isa = XCBuildConfiguration;
			buildSettings = {
				ASSETCATALOG_COMPILER_APPICON_NAME = AppIcon;
				CODE_SIGN_STYLE = Automatic;
				INFOPLIST_FILE = iOSDay7DatePicker/Info.plist;
				LD_RUNPATH_SEARCH_PATHS = (
					"$(inherited)",
					"@executable_path/Frameworks",
				);
				PRODUCT_BUNDLE_IDENTIFIER = CestarCollege.iOSDay7DatePicker;
				PRODUCT_NAME = "$(TARGET_NAME)";
				SWIFT_VERSION = 5.0;
				TARGETED_DEVICE_FAMILY = "1,2";
			};
			name = Debug;
		};
		9BA9D0EF2417191F008D5C01 /* Release */ = {
			isa = XCBuildConfiguration;
			buildSettings = {
				ASSETCATALOG_COMPILER_APPICON_NAME = AppIcon;
				CODE_SIGN_STYLE = Automatic;
				INFOPLIST_FILE = iOSDay7DatePicker/Info.plist;
				LD_RUNPATH_SEARCH_PATHS = (
					"$(inherited)",
					"@executable_path/Frameworks",
				);
				PRODUCT_BUNDLE_IDENTIFIER = CestarCollege.iOSDay7DatePicker;
				PRODUCT_NAME = "$(TARGET_NAME)";
				SWIFT_VERSION = 5.0;
				TARGETED_DEVICE_FAMILY = "1,2";
			};
			name = Release;
		};
/* End XCBuildConfiguration section */

/* Begin XCConfigurationList section */
		9BA9D0D42417191D008D5C01 /* Build configuration list for PBXProject "iOSDay7DatePicker" */ = {
			isa = XCConfigurationList;
			buildConfigurations = (
				9BA9D0EB2417191F008D5C01 /* Debug */,
				9BA9D0EC2417191F008D5C01 /* Release */,
			);
			defaultConfigurationIsVisible = 0;
			defaultConfigurationName = Release;
		};
		9BA9D0ED2417191F008D5C01 /* Build configuration list for PBXNativeTarget "iOSDay7DatePicker" */ = {
			isa = XCConfigurationList;
			buildConfigurations = (
				9BA9D0EE2417191F008D5C01 /* Debug */,
				9BA9D0EF2417191F008D5C01 /* Release */,
			);
			defaultConfigurationIsVisible = 0;
			defaultConfigurationName = Release;
		};
/* End XCConfigurationList section */
	};
	rootObject = 9BA9D0D12417191D008D5C01 /* Project object */;
}
